# Windows x64 / CPython 3.11 portable runtime lock.
# Update deliberately with the release build audit; every downloaded wheel is hash-pinned.
aiohappyeyeballs==2.7.1 --hash=sha256:9243213661e29250eb41368e5daa826fc017156c3b8a11440826b2e3ed376472
aiohttp==3.14.1 --hash=sha256:03ab4530fdcb3a543a122ba4b65ac9919da9fe9f78a03d328a6e38ff962f7aa5
aiosignal==1.4.0 --hash=sha256:053243f8b92b990551949e63930a839ff0cf0b0ebbe0597b0f3fb19e1a0fe82e
attrs==26.1.0 --hash=sha256:c647aa4a12dfbad9333ca4e71fe62ddc36f4e63b2d260a37a8b83d2f043ac309
certifi==2026.7.22 --hash=sha256:62f22742b58a1a33014a2b6b706588a8d7e2a88ae7bd1a6ebe8c992928483775
cffi==2.1.1 --hash=sha256:42f6930c31dc7f50732c9ae793c2786c7b6b044195967bbdde40bb9be81c4cc0
cryptography==45.0.7 --hash=sha256:3808e6b2e5f0b46d981c24d79648e5c25c35e59902ea4391a0dcb3e667bf7443
edge-tts==7.2.8 --hash=sha256:361fe48ce7ef613adbe30f664e3765dd71029c6cb57427279eff8ad6df2eb211
frozenlist==1.8.0 --hash=sha256:ac913f8403b36a2c8610bbfd25b8013488533e71e62b4b4adce9c86c8cea905b
idna==3.18 --hash=sha256:7f952cbe720b688055e3f87de14f5c3e5fdaa8bc3928985c4077ca689de849a2
multidict==6.7.1 --hash=sha256:bdbf9f3b332abd0cdb306e7c2113818ab1e922dc84b8f8fd06ec89ed2a19ab8b
pillow==12.3.0 --hash=sha256:8e95e1385e4998ae9694eeaa4730ba5457ff61185b3a55e2e7bea0880aef452a
propcache==0.5.2 --hash=sha256:44e488ef40dbb452700b2b1f8188934121f6648f52c295055662d2191959ff82
pycparser==2.23 --hash=sha256:e5c6e8d3fbad53479cab09ac03729e0a9faf2bee3db8208a550daf5af81a5934
peewee==4.5.1 --hash=sha256:dbbdc93e9be08d1df49ceed48dc5d609bfeda6112848086f1f6c1f1debe70975
tabulate==0.10.0 --hash=sha256:f0b0622e567335c8fabaaa659f1b33bcb6ddfe2e496071b743aa113f8774f2d3
typing-extensions==4.16.0 --hash=sha256:481caa481374e813c1b176ada14e97f1f67a4539ce9cfeb3f350d78d6370c2e8
yarl==1.24.2 --hash=sha256:f8fdbcff8b2c7c9284e60c196f693588598ddcee31e11c18e14949ce44519d45
